// !$*UTF8*$!
{
	archiveVersion = 1;
	classes = {
	};
	objectVersion = 46;
	objects = {

/* Begin PBXBuildFile section */
		D76987601D1686D000CDA17F /* AppDelegate.swift in Sources */ = {isa = PBXBuildFile; fileRef = D769875F1D1686D000CDA17F /* AppDelegate.swift */; };
		D76987621D1686D000CDA17F /* ViewController.swift in Sources */ = {isa = PBXBuildFile; fileRef = D76987611D1686D000CDA17F /* ViewController.swift */; };
		D76987651D1686D000CDA17F /* Main.storyboard in Resources */ = {isa = PBXBuildFile; fileRef = D76987631D1686D000CDA17F /* Main.storyboard */; };
		D76987671D1686D000CDA17F /* Images.xcassets in Resources */ = {isa = PBXBuildFile; fileRef = D76987661D1686D000CDA17F /* Images.xcassets */; };
		D769876A1D1686D000CDA17F /* LaunchScreen.xib in Resources */ = {isa = PBXBuildFile; fileRef = D76987681D1686D000CDA17F /* LaunchScreen.xib */; };
		D76987761D1686D000CDA17F /* HelloGitHubTests.swift in Sources */ = {isa = PBXBuildFile; fileRef = D76987751D1686D000CDA17F /* HelloGitHubTests.swift */; };
		D76987801D168B4300CDA17F /* HelloGitHub.swift in Sources */ = {isa = PBXBuildFile; fileRef = D769877F1D168B4300CDA17F /* HelloGitHub.swift */; };
/* End PBXBuildFile section */

/* Begin PBXContainerItemProxy section */
		D76987701D1686D000CDA17F /* PBXContainerItemProxy */ = {
			isa = PBXContainerItemProxy;
			containerPortal = D76987521D1686D000CDA17F /* Project object */;
			proxyType = 1;
			remoteGlobalIDString = D76987591D1686D000CDA17F;
			remoteInfo = HelloGitHub;
		};
/* End PBXContainerItemProxy section */

/* Begin PBXFileReference section */
		D769875A1D1686D000CDA17F /* HelloGitHub.app */ = {isa = PBXFileReference; explicitFileType = wrapper.application; includeInIndex = 0; path = HelloGitHub.app; sourceTree = BUILT_PRODUCTS_DIR; };
		D769875E1D1686D000CDA17F /* Info.plist */ = {isa = PBXFileReference; lastKnownFileType = text.plist.xml; path = Info.plist; sourceTree = "<group>"; };
		D769875F1D1686D000CDA17F /* AppDelegate.swift */ = {isa = PBXFileReference; lastKnownFileType = sourcecode.swift; path = AppDelegate.swift; sourceTree = "<group>"; };
		D76987611D1686D000CDA17F /* ViewController.swift */ = {isa = PBXFileReference; lastKnownFileType = sourcecode.swift; path = ViewController.swift; sourceTree = "<group>"; };
		D76987641D1686D000CDA17F /* Base */ = {isa = PBXFileReference; lastKnownFileType = file.storyboard; name = Base; path = Base.lproj/Main.storyboard; sourceTree = "<group>"; };
		D76987661D1686D000CDA17F /* Images.xcassets */ = {isa = PBXFileReference; lastKnownFileType = folder.assetcatalog; path = Images.xcassets; sourceTree = "<group>"; };
		D76987691D1686D000CDA17F /* Base */ = {isa = PBXFileReference; lastKnownFileType = file.xib; name = Base; path = Base.lproj/LaunchScreen.xib; sourceTree = "<group>"; };
		D769876F1D1686D000CDA17F /* HelloGitHubTests.xctest */ = {isa = PBXFileReference; explicitFileType = wrapper.cfbundle; includeInIndex = 0; path = HelloGitHubTests.xctest; sourceTree = BUILT_PRODUCTS_DIR; };
		D76987741D1686D000CDA17F /* Info.plist */ = {isa = PBXFileReference; lastKnownFileType = text.plist.xml; path = Info.plist; sourceTree = "<group>"; };
		D76987751D1686D000CDA17F /* HelloGitHubTests.swift */ = {isa = PBXFileReference; lastKnownFileType = sourcecode.swift; path = HelloGitHubTests.swift; sourceTree = "<group>"; };
		D769877F1D168B4300CDA17F /* HelloGitHub.swift */ = {isa = PBXFileReference; fileEncoding = 4; lastKnownFileType = sourcecode.swift; path = HelloGitHub.swift; sourceTree = SOURCE_ROOT; };
/* End PBXFileReference section */

/* Begin PBXFrameworksBuildPhase section */
		D76987571D1686D000CDA17F /* Frameworks */ = {
			isa = PBXFrameworksBuildPhase;
			buildActionMask = 2147483647;
			files = (
			);
			runOnlyForDeploymentPostprocessing = 0;
		};
		D769876C1D1686D000CDA17F /* Frameworks */ = {
			isa = PBXFrameworksBuildPhase;
			buildActionMask = 2147483647;
			files = (
			);
			runOnlyForDeploymentPostprocessing = 0;
		};
/* End PBXFrameworksBuildPhase section */

/* Begin PBXGroup section */
		D76987511D1686D000CDA17F = {
			isa = PBXGroup;
			children = (
				D769875C1D1686D000CDA17F /* HelloGitHub */,
				D76987721D1686D000CDA17F /* HelloGitHubTests */,
				D769875B1D1686D000CDA17F /* Products */,
			);
			sourceTree = "<group>";
		};
		D769875B1D1686D000CDA17F /* Products */ = {
			isa = PBXGroup;
			children = (
				D769875A1D1686D000CDA17F /* HelloGitHub.app */,
				D769876F1D1686D000CDA17F /* HelloGitHubTests.xctest */,
			);
			name = Products;
			sourceTree = "<group>";
		};
		D769875C1D1686D000CDA17F /* HelloGitHub */ = {
			isa = PBXGroup;
			children = (
				D769877F1D168B4300CDA17F /* HelloGitHub.swift */,
				D769875F1D1686D000CDA17F /* AppDelegate.swift */,
				D76987611D1686D000CDA17F /* ViewController.swift */,
				D76987631D1686D000CDA17F /* Main.storyboard */,
				D76987661D1686D000CDA17F /* Images.xcassets */,
				D76987681D1686D000CDA17F /* LaunchScreen.xib */,
				D769875D1D1686D000CDA17F /* Supporting Files */,
			);
			path = HelloGitHub;
			sourceTree = "<group>";
		};
		D769875D1D1686D000CDA17F /* Supporting Files */ = {
			isa = PBXGroup;
			children = (
				D769875E1D1686D000CDA17F /* Info.plist */,
			);
			name = "Supporting Files";
			sourceTree = "<group>";
		};
		D76987721D1686D000CDA17F /* HelloGitHubTests */ = {
			isa = PBXGroup;
			children = (
				D76987751D1686D000CDA17F /* HelloGitHubTests.swift */,
				D76987731D1686D000CDA17F /* Supporting Files */,
			);
			path = HelloGitHubTests;
			sourceTree = "<group>";
		};
		D76987731D1686D000CDA17F /* Supporting Files */ = {
			isa = PBXGroup;
			children = (
				D76987741D1686D000CDA17F /* Info.plist */,
			);
			name = "Supporting Files";
			sourceTree = "<group>";
		};
/* End PBXGroup section */

/* Begin PBXNativeTarget section */
		D76987591D1686D000CDA17F /* HelloGitHub */ = {
			isa = PBXNativeTarget;
			buildConfigurationList = D76987791D1686D000CDA17F /* Build configuration list for PBXNativeTarget "HelloGitHub" */;
			buildPhases = (
				D76987561D1686D000CDA17F /* Sources */,
				D76987571D1686D000CDA17F /* Frameworks */,
				D76987581D1686D000CDA17F /* Resources */,
			);
			buildRules = (
			);
			dependencies = (
			);
			name = HelloGitHub;
			productName = HelloGitHub;
			productReference = D769875A1D1686D000CDA17F /* HelloGitHub.app */;
			productType = "com.apple.product-type.application";
		};
		D769876E1D1686D000CDA17F /* HelloGitHubTests */ = {
			isa = PBXNativeTarget;
			buildConfigurationList = D769877C1D1686D000CDA17F /* Build configuration list for PBXNativeTarget "HelloGitHubTests" */;
			buildPhases = (
				D769876B1D1686D000CDA17F /* Sources */,
				D769876C1D1686D000CDA17F /* Frameworks */,
				D769876D1D1686D000CDA17F /* Resources */,
			);
			buildRules = (
			);
			dependencies = (
				D76987711D1686D000CDA17F /* PBXTargetDependency */,
			);
			name = HelloGitHubTests;
			productName = HelloGitHubTests;
			productReference = D769876F1D1686D000CDA17F /* HelloGitHubTests.xctest */;
			productType = "com.apple.product-type.bundle.unit-test";
		};
/* End PBXNativeTarget section */

/* Begin PBXProject section */
		D76987521D1686D000CDA17F /* Project object */ = {
			isa = PBXProject;
			attributes = {
				LastUpgradeCheck = 0630;
				ORGANIZATIONNAME = Farzana;
				TargetAttributes = {
					D76987591D1686D000CDA17F = {
						CreatedOnToolsVersion = 6.3.1;
					};
					D769876E1D1686D000CDA17F = {
						CreatedOnToolsVersion = 6.3.1;
						TestTargetID = D76987591D1686D000CDA17F;
					};
				};
			};
			buildConfigurationList = D76987551D1686D000CDA17F /* Build configuration list for PBXProject "HelloGitHub" */;
			compatibilityVersion = "Xcode 3.2";
			developmentRegion = English;
			hasScannedForEncodings = 0;
			knownRegions = (
				en,
				Base,
			);
			mainGroup = D76987511D1686D000CDA17F;
			productRefGroup = D769875B1D1686D000CDA17F /* Products */;
			projectDirPath = "";
			projectRoot = "";
			targets = (
				D76987591D1686D000CDA17F /* HelloGitHub */,
				D769876E1D1686D000CDA17F /* HelloGitHubTests */,
			);
		};
/* End PBXProject section */

/* Begin PBXResourcesBuildPhase section */
		D76987581D1686D000CDA17F /* Resources */ = {
			isa = PBXResourcesBuildPhase;
			buildActionMask = 2147483647;
			files = (
				D76987651D1686D000CDA17F /* Main.storyboard in Resources */,
				D769876A1D1686D000CDA17F /* LaunchScreen.xib in Resources */,
				D76987671D1686D000CDA17F /* Images.xcassets in Resources */,
			);
			runOnlyForDeploymentPostprocessing = 0;
		};
		D769876D1D1686D000CDA17F /* Resources */ = {
			isa = PBXResourcesBuildPhase;
			buildActionMask = 2147483647;
			files = (
			);
			runOnlyForDeploymentPostprocessing = 0;
		};
/* End PBXResourcesBuildPhase section */

/* Begin PBXSourcesBuildPhase section */
		D76987561D1686D000CDA17F /* Sources */ = {
			isa = PBXSourcesBuildPhase;
			buildActionMask = 2147483647;
			files = (
				D76987801D168B4300CDA17F /* HelloGitHub.swift in Sources */,
				D76987621D1686D000CDA17F /* ViewController.swift in Sources */,
				D76987601D1686D000CDA17F /* AppDelegate.swift in Sources */,
			);
			runOnlyForDeploymentPostprocessing = 0;
		};
		D769876B1D1686D000CDA17F /* Sources */ = {
			isa = PBXSourcesBuildPhase;
			buildActionMask = 2147483647;
			files = (
				D76987761D1686D000CDA17F /* HelloGitHubTests.swift in Sources */,
			);
			runOnlyForDeploymentPostprocessing = 0;
		};
/* End PBXSourcesBuildPhase section */

/* Begin PBXTargetDependency section */
		D76987711D1686D000CDA17F /* PBXTargetDependency */ = {
			isa = PBXTargetDependency;
			target = D76987591D1686D000CDA17F /* HelloGitHub */;
			targetProxy = D76987701D1686D000CDA17F /* PBXContainerItemProxy */;
		};
/* End PBXTargetDependency section */

/* Begin PBXVariantGroup section */
		D76987631D1686D000CDA17F /* Main.storyboard */ = {
			isa = PBXVariantGroup;
			children = (
				D76987641D1686D000CDA17F /* Base */,
			);
			name = Main.storyboard;
			sourceTree = "<group>";
		};
		D76987681D1686D000CDA17F /* LaunchScreen.xib */ = {
			isa = PBXVariantGroup;
			children = (
				D76987691D1686D000CDA17F /* Base */,
			);
			name = LaunchScreen.xib;
			sourceTree = "<group>";
		};
/* End PBXVariantGroup section */

/* Begin XCBuildConfiguration section */
		D76987771D1686D000CDA17F /* Debug */ = {
			isa = XCBuildConfiguration;
			buildSettings = {
				ALWAYS_SEARCH_USER_PATHS = NO;
				CLANG_CXX_LANGUAGE_STANDARD = "gnu++0x";
				CLANG_CXX_LIBRARY = "libc++";
				CLANG_ENABLE_MODULES = YES;
				CLANG_ENABLE_OBJC_ARC = YES;
				CLANG_WARN_BOOL_CONVERSION = YES;
				CLANG_WARN_CONSTANT_CONVERSION = YES;
				CLANG_WARN_DIRECT_OBJC_ISA_USAGE = YES_ERROR;
				CLANG_WARN_EMPTY_BODY = YES;
				CLANG_WARN_ENUM_CONVERSION = YES;
				CLANG_WARN_INT_CONVERSION = YES;
				CLANG_WARN_OBJC_ROOT_CLASS = YES_ERROR;
				CLANG_WARN_UNREACHABLE_CODE = YES;
				CLANG_WARN__DUPLICATE_METHOD_MATCH = YES;
				"CODE_SIGN_IDENTITY[sdk=iphoneos*]" = "iPhone Developer";
				COPY_PHASE_STRIP = NO;
				DEBUG_INFORMATION_FORMAT = "dwarf-with-dsym";
				ENABLE_STRICT_OBJC_MSGSEND = YES;
				GCC_C_LANGUAGE_STANDARD = gnu99;
				GCC_DYNAMIC_NO_PIC = NO;
				GCC_NO_COMMON_BLOCKS = YES;
				GCC_OPTIMIZATION_LEVEL = 0;
				GCC_PREPROCESSOR_DEFINITIONS = (
					"DEBUG=1",
					"$(inherited)",
				);
				GCC_SYMBOLS_PRIVATE_EXTERN = NO;
				GCC_WARN_64_TO_32_BIT_CONVERSION = YES;
				GCC_WARN_ABOUT_RETURN_TYPE = YES_ERROR;
				GCC_WARN_UNDECLARED_SELECTOR = YES;
				GCC_WARN_UNINITIALIZED_AUTOS = YES_AGGRESSIVE;
				GCC_WARN_UNUSED_FUNCTION = YES;
				GCC_WARN_UNUSED_VARIABLE = YES;
				IPHONEOS_DEPLOYMENT_TARGET = 8.3;
				MTL_ENABLE_DEBUG_INFO = YES;
				ONLY_ACTIVE_ARCH = YES;
				SDKROOT = iphoneos;
				SWIFT_OPTIMIZATION_LEVEL = "-Onone";
				TARGETED_DEVICE_FAMILY = "1,2";
			};
			name = Debug;
		};
		D76987781D1686D000CDA17F /* Release */ = {
			isa = XCBuildConfiguration;
			buildSettings = {
				ALWAYS_SEARCH_USER_PATHS = NO;
				CLANG_CXX_LANGUAGE_STANDARD = "gnu++0x";
				CLANG_CXX_LIBRARY = "libc++";
				CLANG_ENABLE_MODULES = YES;
				CLANG_ENABLE_OBJC_ARC = YES;
				CLANG_WARN_BOOL_CONVERSION = YES;
				CLANG_WARN_CONSTANT_CONVERSION = YES;
				CLANG_WARN_DIRECT_OBJC_ISA_USAGE = YES_ERROR;
				CLANG_WARN_EMPTY_BODY = YES;
				CLANG_WARN_ENUM_CONVERSION = YES;
				CLANG_WARN_INT_CONVERSION = YES;
				CLANG_WARN_OBJC_ROOT_CLASS = YES_ERROR;
				CLANG_WARN_UNREACHABLE_CODE = YES;
				CLANG_WARN__DUPLICATE_METHOD_MATCH = YES;
				"CODE_SIGN_IDENTITY[sdk=iphoneos*]" = "iPhone Developer";
				COPY_PHASE_STRIP = NO;
				DEBUG_INFORMATION_FORMAT = "dwarf-with-dsym";
				ENABLE_NS_ASSERTIONS = NO;
				ENABLE_STRICT_OBJC_MSGSEND = YES;
				GCC_C_LANGUAGE_STANDARD = gnu99;
				GCC_NO_COMMON_BLOCKS = YES;
				GCC_WARN_64_TO_32_BIT_CONVERSION = YES;
				GCC_WARN_ABOUT_RETURN_TYPE = YES_ERROR;
				GCC_WARN_UNDECLARED_SELECTOR = YES;
				GCC_WARN_UNINITIALIZED_AUTOS = YES_AGGRESSIVE;
				GCC_WARN_UNUSED_FUNCTION = YES;
				GCC_WARN_UNUSED_VARIABLE = YES;
				IPHONEOS_DEPLOYMENT_TARGET = 8.3;
				MTL_ENABLE_DEBUG_INFO = NO;
				SDKROOT = iphoneos;
				TARGETED_DEVICE_FAMILY = "1,2";
				VALIDATE_PRODUCT = YES;
			};
			name = Release;
		};
		D769877A1D1686D000CDA17F /* Debug */ = {
			isa = XCBuildConfiguration;
			buildSettings = {
				ASSETCATALOG_COMPILER_APPICON_NAME = AppIcon;
				INFOPLIST_FILE = HelloGitHub/Info.plist;
				LD_RUNPATH_SEARCH_PATHS = "$(inherited) @executable_path/Frameworks";
				PRODUCT_NAME = "$(TARGET_NAME)";
			};
			name = Debug;
		};
		D769877B1D1686D000CDA17F /* Release */ = {
			isa = XCBuildConfiguration;
			buildSettings = {
				ASSETCATALOG_COMPILER_APPICON_NAME = AppIcon;
				INFOPLIST_FILE = HelloGitHub/Info.plist;
				LD_RUNPATH_SEARCH_PATHS = "$(inherited) @executable_path/Frameworks";
				PRODUCT_NAME = "$(TARGET_NAME)";
			};
			name = Release;
		};
		D769877D1D1686D000CDA17F /* Debug */ = {
			isa = XCBuildConfiguration;
			buildSettings = {
				BUNDLE_LOADER = "$(TEST_HOST)";
				FRAMEWORK_SEARCH_PATHS = (
					"$(SDKROOT)/Developer/Library/Frameworks",
					"$(inherited)",
				);
				GCC_PREPROCESSOR_DEFINITIONS = (
					"DEBUG=1",
					"$(inherited)",
				);
				INFOPLIST_FILE = HelloGitHubTests/Info.plist;
				LD_RUNPATH_SEARCH_PATHS = "$(inherited) @executable_path/Frameworks @loader_path/Frameworks";
				PRODUCT_NAME = "$(TARGET_NAME)";
				TEST_HOST = "$(BUILT_PRODUCTS_DIR)/HelloGitHub.app/HelloGitHub";
			};
			name = Debug;
		};
		D769877E1D1686D000CDA17F /* Release */ = {
			isa = XCBuildConfiguration;
			buildSettings = {
				BUNDLE_LOADER = "$(TEST_HOST)";
				FRAMEWORK_SEARCH_PATHS = (
					"$(SDKROOT)/Developer/Library/Frameworks",
					"$(inherited)",
				);
				INFOPLIST_FILE = HelloGitHubTests/Info.plist;
				LD_RUNPATH_SEARCH_PATHS = "$(inherited) @executable_path/Frameworks @loader_path/Frameworks";
				PRODUCT_NAME = "$(TARGET_NAME)";
				TEST_HOST = "$(BUILT_PRODUCTS_DIR)/HelloGitHub.app/HelloGitHub";
			};
			name = Release;
		};
/* End XCBuildConfiguration section */

/* Begin XCConfigurationList section */
		D76987551D1686D000CDA17F /* Build configuration list for PBXProject "HelloGitHub" */ = {
			isa = XCConfigurationList;
			buildConfigurations = (
				D76987771D1686D000CDA17F /* Debug */,
				D76987781D1686D000CDA17F /* Release */,
			);
			defaultConfigurationIsVisible = 0;
			defaultConfigurationName = Release;
		};
		D76987791D1686D000CDA17F /* Build configuration list for PBXNativeTarget "HelloGitHub" */ = {
			isa = XCConfigurationList;
			buildConfigurations = (
				D769877A1D1686D000CDA17F /* Debug */,
				D769877B1D1686D000CDA17F /* Release */,
			);
			defaultConfigurationIsVisible = 0;
			defaultConfigurationName = Release;
		};
		D769877C1D1686D000CDA17F /* Build configuration list for PBXNativeTarget "HelloGitHubTests" */ = {
			isa = XCConfigurationList;
			buildConfigurations = (
				D769877D1D1686D000CDA17F /* Debug */,
				D769877E1D1686D000CDA17F /* Release */,
			);
			defaultConfigurationIsVisible = 0;
			defaultConfigurationName = Release;
		};
/* End XCConfigurationList section */
	};
	rootObject = D76987521D1686D000CDA17F /* Project object */;
}
